
Microsoft Visual Studio Solution File, Format Version 12.00
# Visual Studio Version 17
VisualStudioVersion = 17.8.34525.116
MinimumVisualStudioVersion = 10.0.40219.1
Project("{FAE04EC0-301F-11D3-BF4B-00C04F79EFBC}") = "Lukutestit", "Lukutestit.csproj", "{0A386AC3-1E51-4B7C-8A97-B7E04CCEC6FF}"
EndProject
Project("{FAE04EC0-301F-11D3-BF4B-00C04F79EFBC}") = "MS-Test", "..\MS-Test\MS-Test.csproj", "{DD1F39FB-BDD4-4BFC-B4A3-86905FD88A54}"
EndProject
Global
	GlobalSection(SolutionConfigurationPlatforms) = preSolution
		Debug|Any CPU = Debug|Any CPU
		Release|Any CPU = Release|Any CPU
	EndGlobalSection
	GlobalSection(ProjectConfigurationPlatforms) = postSolution
		{0A386AC3-1E51-4B7C-8A97-B7E04CCEC6FF}.Debug|Any CPU.ActiveCfg = Debug|Any CPU
		{0A386AC3-1E51-4B7C-8A97-B7E04CCEC6FF}.Debug|Any CPU.Build.0 = Debug|Any CPU
		{0A386AC3-1E51-4B7C-8A97-B7E04CCEC6FF}.Release|Any CPU.ActiveCfg = Release|Any CPU
		{0A386AC3-1E51-4B7C-8A97-B7E04CCEC6FF}.Release|Any CPU.Build.0 = Release|Any CPU
		{DD1F39FB-BDD4-4BFC-B4A3-86905FD88A54}.Debug|Any CPU.ActiveCfg = Debug|Any CPU
		{DD1F39FB-BDD4-4BFC-B4A3-86905FD88A54}.Debug|Any CPU.Build.0 = Debug|Any CPU
		{DD1F39FB-BDD4-4BFC-B4A3-86905FD88A54}.Release|Any CPU.ActiveCfg = Release|Any CPU
		{DD1F39FB-BDD4-4BFC-B4A3-86905FD88A54}.Release|Any CPU.Build.0 = Release|Any CPU
	EndGlobalSection
	GlobalSection(SolutionProperties) = preSolution
		HideSolutionNode = FALSE
	EndGlobalSection
	GlobalSection(ExtensibilityGlobals) = postSolution
		SolutionGuid = {2BEF196A-0E70-44E6-8E39-19CE721A8989}
	EndGlobalSection
EndGlobal
